PODS:
  - Alamofire (4.5.0)
  - FMDB (2.7.2):
    - FMDB/standard (= 2.7.2)
  - FMDB/standard (2.7.2)
  - Kingfisher (3.10.3)
  - MBProgressHUD (1.0.0)
  - ReactiveCocoa (5.0.4):
    - ReactiveSwift (~> 1.1)
  - ReactiveSwift (1.1.5):
    - Result (~> 3.2)
  - Result (3.2.3)
  - SnapKit (3.2.0)
  - SwiftyJSON (3.1.4)

DEPENDENCIES:
  - Alamofire
  - FMDB
  - Kingfisher
  - MBProgressHUD
  - ReactiveCocoa
  - SnapKit
  - SwiftyJSON

SPEC CHECKSUMS:
  Alamofire: f28cdffd29de33a7bfa022cbd63ae95a27fae140
  FMDB: 6198a90e7b6900cfc046e6bc0ef6ebb7be9236aa
  Kingfisher: a0ac82dc5bcf0388dd74b294cf2cc13730c63436
  MBProgressHUD: 4890f671c94e8a0f3cf959aa731e9de2f036d71a
  ReactiveCocoa: b31e754d15937811ede648fc83cd68f5de70a3d4
  ReactiveSwift: 3fea31f8fc49f112d2dc613282c5d395c4d167bb
  Result: 128640a6347e8d2ae48b142556739a2d13f90ce6
  SnapKit: 1ca44df72cfa543218d177cb8aab029d10d86ea7
  SwiftyJSON: c2842d878f95482ffceec5709abc3d05680c0220

PODFILE CHECKSUM: 62d2b5319ef3ae4c0e2a62280dede4a639b3579f

COCOAPODS: 1.2.1
